
Microsoft Visual Studio Solution File, Format Version 12.00
# Visual Studio Version 16
VisualStudioVersion = 16.0.31313.79
MinimumVisualStudioVersion = 10.0.40219.1
Project("{FAE04EC0-301F-11D3-BF4B-00C04F79EFBC}") = "UrnofSouls_EquipmentItem", "UrnofSouls_EquipmentItem\UrnofSouls_EquipmentItem.csproj", "{D49AA5F4-04C0-4B08-8FFA-4A2FC02033C8}"
EndProject
Global
	GlobalSection(SolutionConfigurationPlatforms) = preSolution
		Debug|Any CPU = Debug|Any CPU
		Release|Any CPU = Release|Any CPU
	EndGlobalSection
	GlobalSection(ProjectConfigurationPlatforms) = postSolution
		{D49AA5F4-04C0-4B08-8FFA-4A2FC02033C8}.Debug|Any CPU.ActiveCfg = Debug|Any CPU
		{D49AA5F4-04C0-4B08-8FFA-4A2FC02033C8}.Debug|Any CPU.Build.0 = Debug|Any CPU
		{D49AA5F4-04C0-4B08-8FFA-4A2FC02033C8}.Release|Any CPU.ActiveCfg = Release|Any CPU
		{D49AA5F4-04C0-4B08-8FFA-4A2FC02033C8}.Release|Any CPU.Build.0 = Release|Any CPU
	EndGlobalSection
	GlobalSection(SolutionProperties) = preSolution
		HideSolutionNode = FALSE
	EndGlobalSection
	GlobalSection(ExtensibilityGlobals) = postSolution
		SolutionGuid = {1EA8460B-794E-427F-A158-7A26363113D4}
	EndGlobalSection
EndGlobal
